
Microsoft Visual Studio Solution File, Format Version 12.00
# Visual Studio Version 16
VisualStudioVersion = 16.0.30523.141
MinimumVisualStudioVersion = 10.0.40219.1
Project("{FAE04EC0-301F-11D3-BF4B-00C04F79EFBC}") = "RentalKendaraan_096", "RentalKendaraan_096.csproj", "{867A3C03-C951-4962-94A4-852253C28BAF}"
EndProject
Global
	GlobalSection(SolutionConfigurationPlatforms) = preSolution
		Debug|Any CPU = Debug|Any CPU
		Release|Any CPU = Release|Any CPU
	EndGlobalSection
	GlobalSection(ProjectConfigurationPlatforms) = postSolution
		{867A3C03-C951-4962-94A4-852253C28BAF}.Debug|Any CPU.ActiveCfg = Debug|Any CPU
		{867A3C03-C951-4962-94A4-852253C28BAF}.Debug|Any CPU.Build.0 = Debug|Any CPU
		{867A3C03-C951-4962-94A4-852253C28BAF}.Release|Any CPU.ActiveCfg = Release|Any CPU
		{867A3C03-C951-4962-94A4-852253C28BAF}.Release|Any CPU.Build.0 = Release|Any CPU
	EndGlobalSection
	GlobalSection(SolutionProperties) = preSolution
		HideSolutionNode = FALSE
	EndGlobalSection
	GlobalSection(ExtensibilityGlobals) = postSolution
		SolutionGuid = {60DF204B-FCB2-4A87-9568-62A62C2E654F}
	EndGlobalSection
EndGlobal
